
Microsoft Visual Studio Solution File, Format Version 12.00
# Visual Studio 15
VisualStudioVersion = 15.0.27004.2002
MinimumVisualStudioVersion = 10.0.40219.1
Project("{FAE04EC0-301F-11D3-BF4B-00C04F79EFBC}") = "FoodTracker_TextLoadDB", "FoodTracker_TextLoadDB\FoodTracker_TextLoadDB.csproj", "{F87E5A42-344A-4D9F-AE9F-DBEF82E1FB52}"
EndProject
Global
	GlobalSection(SolutionConfigurationPlatforms) = preSolution
		Debug|Any CPU = Debug|Any CPU
		Release|Any CPU = Release|Any CPU
	EndGlobalSection
	GlobalSection(ProjectConfigurationPlatforms) = postSolution
		{F87E5A42-344A-4D9F-AE9F-DBEF82E1FB52}.Debug|Any CPU.ActiveCfg = Debug|Any CPU
		{F87E5A42-344A-4D9F-AE9F-DBEF82E1FB52}.Debug|Any CPU.Build.0 = Debug|Any CPU
		{F87E5A42-344A-4D9F-AE9F-DBEF82E1FB52}.Release|Any CPU.ActiveCfg = Release|Any CPU
		{F87E5A42-344A-4D9F-AE9F-DBEF82E1FB52}.Release|Any CPU.Build.0 = Release|Any CPU
	EndGlobalSection
	GlobalSection(SolutionProperties) = preSolution
		HideSolutionNode = FALSE
	EndGlobalSection
	GlobalSection(ExtensibilityGlobals) = postSolution
		SolutionGuid = {8AE11520-4AED-475A-8EF9-670154F74A9F}
	EndGlobalSection
EndGlobal
